
Microsoft Visual Studio Solution File, Format Version 12.00
# Visual Studio Version 17
VisualStudioVersion = 17.8.34601.278
MinimumVisualStudioVersion = 10.0.40219.1
Project("{FAE04EC0-301F-11D3-BF4B-00C04F79EFBC}") = "Capstone_360s", "Capstone_360s.csproj", "{7D1A3757-2337-43F9-B5C5-E265D003620B}"
EndProject
Project("{FAE04EC0-301F-11D3-BF4B-00C04F79EFBC}") = "Capstone_360s_Testing_Suite", "..\Capstone_360s_Testing_Suite\Capstone_360s_Testing_Suite.csproj", "{832EF875-7D63-4418-A2D0-093A4B8C36F9}"
EndProject
Global
	GlobalSection(SolutionConfigurationPlatforms) = preSolution
		Debug|Any CPU = Debug|Any CPU
		Release|Any CPU = Release|Any CPU
	EndGlobalSection
	GlobalSection(ProjectConfigurationPlatforms) = postSolution
		{7D1A3757-2337-43F9-B5C5-E265D003620B}.Debug|Any CPU.ActiveCfg = Debug|Any CPU
		{7D1A3757-2337-43F9-B5C5-E265D003620B}.Debug|Any CPU.Build.0 = Debug|Any CPU
		{7D1A3757-2337-43F9-B5C5-E265D003620B}.Release|Any CPU.ActiveCfg = Release|Any CPU
		{7D1A3757-2337-43F9-B5C5-E265D003620B}.Release|Any CPU.Build.0 = Release|Any CPU
		{832EF875-7D63-4418-A2D0-093A4B8C36F9}.Debug|Any CPU.ActiveCfg = Debug|Any CPU
		{832EF875-7D63-4418-A2D0-093A4B8C36F9}.Debug|Any CPU.Build.0 = Debug|Any CPU
		{832EF875-7D63-4418-A2D0-093A4B8C36F9}.Release|Any CPU.ActiveCfg = Release|Any CPU
		{832EF875-7D63-4418-A2D0-093A4B8C36F9}.Release|Any CPU.Build.0 = Release|Any CPU
	EndGlobalSection
	GlobalSection(SolutionProperties) = preSolution
		HideSolutionNode = FALSE
	EndGlobalSection
	GlobalSection(ExtensibilityGlobals) = postSolution
		SolutionGuid = {AF44FDE5-56FD-48C3-99EC-F276A1F3D42D}
	EndGlobalSection
EndGlobal
